
Microsoft Visual Studio Solution File, Format Version 12.00
# Visual Studio 15
VisualStudioVersion = 15.0.26730.8
MinimumVisualStudioVersion = 10.0.40219.1
Project("{8BC9CEB8-8B4A-11D0-8D11-00A0C91BC942}") = "Poker_Bonus_Assignment", "Poker_Bonus_Assignment.vcxproj", "{233E8DB6-903B-454F-933C-64DBDA3900B1}"
EndProject
Global
	GlobalSection(SolutionConfigurationPlatforms) = preSolution
		Debug|x64 = Debug|x64
		Debug|x86 = Debug|x86
		Release|x64 = Release|x64
		Release|x86 = Release|x86
	EndGlobalSection
	GlobalSection(ProjectConfigurationPlatforms) = postSolution
		{233E8DB6-903B-454F-933C-64DBDA3900B1}.Debug|x64.ActiveCfg = Debug|x64
		{233E8DB6-903B-454F-933C-64DBDA3900B1}.Debug|x64.Build.0 = Debug|x64
		{233E8DB6-903B-454F-933C-64DBDA3900B1}.Debug|x86.ActiveCfg = Debug|Win32
		{233E8DB6-903B-454F-933C-64DBDA3900B1}.Debug|x86.Build.0 = Debug|Win32
		{233E8DB6-903B-454F-933C-64DBDA3900B1}.Release|x64.ActiveCfg = Release|x64
		{233E8DB6-903B-454F-933C-64DBDA3900B1}.Release|x64.Build.0 = Release|x64
		{233E8DB6-903B-454F-933C-64DBDA3900B1}.Release|x86.ActiveCfg = Release|Win32
		{233E8DB6-903B-454F-933C-64DBDA3900B1}.Release|x86.Build.0 = Release|Win32
	EndGlobalSection
	GlobalSection(SolutionProperties) = preSolution
		HideSolutionNode = FALSE
	EndGlobalSection
	GlobalSection(ExtensibilityGlobals) = postSolution
		SolutionGuid = {387A4E35-9A2D-4933-9C5C-9C8429D1BDD5}
	EndGlobalSection
EndGlobal
